// !$*UTF8*$!
{
	archiveVersion = 1;
	classes = {
	};
	objectVersion = 56;
	objects = {

/* Begin PBXBuildFile section */
		FA0001 /* FastWeatherMacApp.swift in Sources */ = {isa = PBXBuildFile; fileRef = FA0000 /* FastWeatherMacApp.swift */; };
		FA0003 /* ContentView.swift in Sources */ = {isa = PBXBuildFile; fileRef = FA0002 /* ContentView.swift */; };
		FA0005 /* Assets.xcassets in Resources */ = {isa = PBXBuildFile; fileRef = FA0004 /* Assets.xcassets */; };
		FA0007 /* Preview Assets.xcassets in Resources */ = {isa = PBXBuildFile; fileRef = FA0006 /* Preview Assets.xcassets */; };
		FA0017 /* us-cities-cached.json in Resources */ = {isa = PBXBuildFile; fileRef = FA0017R /* us-cities-cached.json */; };
		FA0018 /* international-cities-cached.json in Resources */ = {isa = PBXBuildFile; fileRef = FA0018R /* international-cities-cached.json */; };
		FA0010 /* WeatherModels.swift in Sources */ = {isa = PBXBuildFile; fileRef = FA0009 /* WeatherModels.swift */; };
		FA0011 /* WeatherService.swift in Sources */ = {isa = PBXBuildFile; fileRef = FA000A /* WeatherService.swift */; };
		FA0012 /* CityManager.swift in Sources */ = {isa = PBXBuildFile; fileRef = FA000B /* CityManager.swift */; };
		FA0013 /* WeatherDetailView.swift in Sources */ = {isa = PBXBuildFile; fileRef = FA000C /* WeatherDetailView.swift */; };
		FA0014 /* CitySearchSheet.swift in Sources */ = {isa = PBXBuildFile; fileRef = FA000D /* CitySearchSheet.swift */; };
		FA0015 /* SettingsView.swift in Sources */ = {isa = PBXBuildFile; fileRef = FA000E /* SettingsView.swift */; };
		FA0016 /* LocationBrowserView.swift in Sources */ = {isa = PBXBuildFile; fileRef = FA000F /* LocationBrowserView.swift */; };
/* End PBXBuildFile section */

/* Begin PBXFileReference section */
		FA0000 /* FastWeatherMacApp.swift */ = {isa = PBXFileReference; lastKnownFileType = sourcecode.swift; path = FastWeatherMacApp.swift; sourceTree = "<group>"; };
		FA0002 /* ContentView.swift */ = {isa = PBXFileReference; lastKnownFileType = sourcecode.swift; path = ContentView.swift; sourceTree = "<group>"; };
		FA0004 /* Assets.xcassets */ = {isa = PBXFileReference; lastKnownFileType = folder.assetcatalog; path = Assets.xcassets; sourceTree = "<group>"; };
		FA0006 /* Preview Assets.xcassets */ = {isa = PBXFileReference; lastKnownFileType = folder.assetcatalog; path = "Preview Assets.xcassets"; sourceTree = "<group>"; };
		FA0009 /* WeatherModels.swift */ = {isa = PBXFileReference; lastKnownFileType = sourcecode.swift; path = WeatherModels.swift; sourceTree = "<group>"; };
		FA000A /* WeatherService.swift */ = {isa = PBXFileReference; lastKnownFileType = sourcecode.swift; path = WeatherService.swift; sourceTree = "<group>"; };
		FA000B /* CityManager.swift */ = {isa = PBXFileReference; lastKnownFileType = sourcecode.swift; path = CityManager.swift; sourceTree = "<group>"; };
		FA000C /* WeatherDetailView.swift */ = {isa = PBXFileReference; lastKnownFileType = sourcecode.swift; path = WeatherDetailView.swift; sourceTree = "<group>"; };
		FA000D /* CitySearchSheet.swift */ = {isa = PBXFileReference; lastKnownFileType = sourcecode.swift; path = CitySearchSheet.swift; sourceTree = "<group>"; };
		FA000E /* SettingsView.swift */ = {isa = PBXFileReference; lastKnownFileType = sourcecode.swift; path = SettingsView.swift; sourceTree = "<group>"; };
		FA000F /* LocationBrowserView.swift */ = {isa = PBXFileReference; lastKnownFileType = sourcecode.swift; path = LocationBrowserView.swift; sourceTree = "<group>"; };
		FA0017R /* us-cities-cached.json */ = {isa = PBXFileReference; lastKnownFileType = text.json; path = "us-cities-cached.json"; sourceTree = "<group>"; };
		FA0018R /* international-cities-cached.json */ = {isa = PBXFileReference; lastKnownFileType = text.json; path = "international-cities-cached.json"; sourceTree = "<group>"; };
		FAAPP /* FastWeatherMac.app */ = {isa = PBXFileReference; explicitFileType = wrapper.application; includeInIndex = 0; path = FastWeatherMac.app; sourceTree = BUILT_PRODUCTS_DIR; };
		FAENT /* FastWeatherMac.entitlements */ = {isa = PBXFileReference; lastKnownFileType = text.plist.entitlements; path = FastWeatherMac.entitlements; sourceTree = "<group>"; };
/* End PBXFileReference section */

/* Begin PBXFrameworksBuildPhase section */
		FABUILD /* Frameworks */ = {
			isa = PBXFrameworksBuildPhase;
			buildActionMask = 2147483647;
			files = (
			);
			runOnlyForDeploymentPostprocessing = 0;
		};
/* End PBXFrameworksBuildPhase section */

/* Begin PBXResourcesBuildPhase section */
		FARESOURCES /* Resources */ = {
			isa = PBXResourcesBuildPhase;
			buildActionMask = 2147483647;
			files = (
				FA0007 /* Preview Assets.xcassets in Resources */,
				FA0005 /* Assets.xcassets in Resources */,
				FA0017 /* us-cities-cached.json in Resources */,
				FA0018 /* international-cities-cached.json in Resources */,
			);
			runOnlyForDeploymentPostprocessing = 0;
		};
/* End PBXResourcesBuildPhase section */

/* Begin PBXSourcesBuildPhase section */
		FASOURCES /* Sources */ = {
			isa = PBXSourcesBuildPhase;
			buildActionMask = 2147483647;
			files = (
				FA0001 /* FastWeatherMacApp.swift in Sources */,
				FA0003 /* ContentView.swift in Sources */,
				FA0010 /* WeatherModels.swift in Sources */,
				FA0011 /* WeatherService.swift in Sources */,
				FA0012 /* CityManager.swift in Sources */,
				FA0013 /* WeatherDetailView.swift in Sources */,
				FA0014 /* CitySearchSheet.swift in Sources */,
				FA0015 /* SettingsView.swift in Sources */,
				FA0016 /* LocationBrowserView.swift in Sources */,
			);
			runOnlyForDeploymentPostprocessing = 0;
		};
/* End PBXSourcesBuildPhase section */

/* Begin PBXGroup section */
		FAROOT = {
			isa = PBXGroup;
			children = (
				FAGROUP1 /* FastWeatherMac */,
				FADATA /* Data */,
				FAPRODUCTS /* Products */,
			);
			sourceTree = "<group>";
		};
		FADATA /* Data */ = {
			isa = PBXGroup;
			children = (
				FA0017R /* us-cities-cached.json */,
				FA0018R /* international-cities-cached.json */,
			);
			name = Data;
			sourceTree = SOURCE_ROOT;
		};
		FAGROUP1 /* FastWeatherMac */ = {
			isa = PBXGroup;
			children = (
				FA0000 /* FastWeatherMacApp.swift */,
				FAENT /* FastWeatherMac.entitlements */,
				FAVIEWS /* Views */,
				FAMODELS /* Models */,
				FASERVICES /* Services */,
				FA0004 /* Assets.xcassets */,
				FAPREVIEW /* Preview Content */,
			);
			path = FastWeatherMac;
			sourceTree = "<group>";
		};
		FAVIEWS /* Views */ = {
			isa = PBXGroup;
			children = (
				FA0002 /* ContentView.swift */,
				FA000C /* WeatherDetailView.swift */,
				FA000D /* CitySearchSheet.swift */,
				FA000E /* SettingsView.swift */,
				FA000F /* LocationBrowserView.swift */,
			);
			path = Views;
			sourceTree = "<group>";
		};
		FAMODELS /* Models */ = {
			isa = PBXGroup;
			children = (
				FA0009 /* WeatherModels.swift */,
			);
			path = Models;
			sourceTree = "<group>";
		};
		FASERVICES /* Services */ = {
			isa = PBXGroup;
			children = (
				FA000A /* WeatherService.swift */,
				FA000B /* CityManager.swift */,
			);
			path = Services;
			sourceTree = "<group>";
		};
		FAPREVIEW /* Preview Content */ = {
			isa = PBXGroup;
			children = (
				FA0006 /* Preview Assets.xcassets */,
			);
			path = "Preview Content";
			sourceTree = "<group>";
		};
		FAPRODUCTS /* Products */ = {
			isa = PBXGroup;
			children = (
				FAAPP /* FastWeatherMac.app */,
			);
			name = Products;
			sourceTree = "<group>";
		};
/* End PBXGroup section */

/* Begin PBXNativeTarget section */
		FATARGET /* FastWeatherMac */ = {
			isa = PBXNativeTarget;
			buildConfigurationList = FACONFIG /* Build configuration list for PBXNativeTarget "FastWeatherMac" */;
			buildPhases = (
				FASOURCES /* Sources */,
				FARESOURCES /* Resources */,
				FABUILD /* Frameworks */,
			);
			buildRules = (
			);
			dependencies = (
			);
			name = FastWeatherMac;
			productName = FastWeatherMac;
			productReference = FAAPP /* FastWeatherMac.app */;
			productType = "com.apple.product-type.application";
		};
/* End PBXNativeTarget section */

/* Begin PBXProject section */
		FAPROJECT /* Project object */ = {
			isa = PBXProject;
			attributes = {
				BuildIndependentTargetsInParallel = 1;
				LastSwiftUpdateCheck = 1500;
				LastUpgradeCheck = 1500;
			};
			buildConfigurationList = FAPROJCONFIG /* Build configuration list for PBXProject "FastWeatherMac" */;
			compatibilityVersion = "Xcode 14.0";
			developmentRegion = en;
			hasScannedForEncodings = 0;
			knownRegions = (
				en,
				Base,
			);
			mainGroup = FAROOT;
			productRefGroup = FAPRODUCTS /* Products */;
			projectDirPath = "";
			projectRoot = "";
			targets = (
				FATARGET /* FastWeatherMac */,
			);
		};
/* End PBXProject section */

/* Begin XCBuildConfiguration section */
		FADEBUG /* Debug */ = {
			isa = XCBuildConfiguration;
			buildSettings = {
				ALWAYS_SEARCH_USER_PATHS = NO;
				CLANG_ANALYZER_NONNULL = YES;
				CLANG_ANALYZER_NUMBER_OBJECT_CONVERSION = YES_AGGRESSIVE;
				CLANG_CXX_LANGUAGE_STANDARD = "gnu++20";
				CLANG_ENABLE_MODULES = YES;
				CLANG_ENABLE_OBJC_ARC = YES;
				CLANG_ENABLE_OBJC_WEAK = YES;
				CLANG_WARN_BLOCK_CAPTURE_AUTORELEASING = YES;
				CLANG_WARN_BOOL_CONVERSION = YES;
				CLANG_WARN_COMMA = YES;
				CLANG_WARN_CONSTANT_CONVERSION = YES;
				CLANG_WARN_DEPRECATED_OBJC_IMPLEMENTATIONS = YES;
				CLANG_WARN_DIRECT_OBJC_ISA_USAGE = YES_ERROR;
				CLANG_WARN_DOCUMENTATION_COMMENTS = YES;
				CLANG_WARN_EMPTY_BODY = YES;
				CLANG_WARN_ENUM_CONVERSION = YES;
				CLANG_WARN_INFINITE_RECURSION = YES;
				CLANG_WARN_INT_CONVERSION = YES;
				CLANG_WARN_NON_LITERAL_NULL_CONVERSION = YES;
				CLANG_WARN_OBJC_IMPLICIT_RETAIN_SELF = YES;
				CLANG_WARN_OBJC_LITERAL_CONVERSION = YES;
				CLANG_WARN_OBJC_ROOT_CLASS = YES_ERROR;
				CLANG_WARN_QUOTED_INCLUDE_IN_FRAMEWORK_HEADER = YES;
				CLANG_WARN_RANGE_LOOP_ANALYSIS = YES;
				CLANG_WARN_STRICT_PROTOTYPES = YES;
				CLANG_WARN_SUSPICIOUS_MOVE = YES;
				CLANG_WARN_UNGUARDED_AVAILABILITY = YES_AGGRESSIVE;
				CLANG_WARN_UNREACHABLE_CODE = YES;
				CLANG_WARN__DUPLICATE_METHOD_MATCH = YES;
				COPY_PHASE_STRIP = NO;
				DEBUG_INFORMATION_FORMAT = dwarf;
				ENABLE_STRICT_OBJC_MSGSEND = YES;
				ENABLE_TESTABILITY = YES;
				GCC_C_LANGUAGE_STANDARD = gnu11;
				GCC_DYNAMIC_NO_PIC = NO;
				GCC_NO_COMMON_BLOCKS = YES;
				GCC_OPTIMIZATION_LEVEL = 0;
				GCC_PREPROCESSOR_DEFINITIONS = (
					"DEBUG=1",
					"$(inherited)",
				);
				GCC_WARN_64_TO_32_BIT_CONVERSION = YES;
				GCC_WARN_ABOUT_RETURN_TYPE = YES_ERROR;
				GCC_WARN_UNDECLARED_SELECTOR = YES;
				GCC_WARN_UNINITIALIZED_AUTOS = YES_AGGRESSIVE;
				GCC_WARN_UNUSED_FUNCTION = YES;
				GCC_WARN_UNUSED_VARIABLE = YES;
				MACOSX_DEPLOYMENT_TARGET = 13.0;
				MTL_ENABLE_DEBUG_INFO = INCLUDE_SOURCE;
				MTL_FAST_MATH = YES;
				ONLY_ACTIVE_ARCH = YES;
				SDKROOT = macosx;
				SWIFT_ACTIVE_COMPILATION_CONDITIONS = DEBUG;
				SWIFT_OPTIMIZATION_LEVEL = "-Onone";
			};
			name = Debug;
		};
		FARELEASE /* Release */ = {
			isa = XCBuildConfiguration;
			buildSettings = {
				ALWAYS_SEARCH_USER_PATHS = NO;
				CLANG_ANALYZER_NONNULL = YES;
				CLANG_ANALYZER_NUMBER_OBJECT_CONVERSION = YES_AGGRESSIVE;
				CLANG_CXX_LANGUAGE_STANDARD = "gnu++20";
				CLANG_ENABLE_MODULES = YES;
				CLANG_ENABLE_OBJC_ARC = YES;
				CLANG_ENABLE_OBJC_WEAK = YES;
				CLANG_WARN_BLOCK_CAPTURE_AUTORELEASING = YES;
				CLANG_WARN_BOOL_CONVERSION = YES;
				CLANG_WARN_COMMA = YES;
				CLANG_WARN_CONSTANT_CONVERSION = YES;
				CLANG_WARN_DEPRECATED_OBJC_IMPLEMENTATIONS = YES;
				CLANG_WARN_DIRECT_OBJC_ISA_USAGE = YES_ERROR;
				CLANG_WARN_DOCUMENTATION_COMMENTS = YES;
				CLANG_WARN_EMPTY_BODY = YES;
				CLANG_WARN_ENUM_CONVERSION = YES;
				CLANG_WARN_INFINITE_RECURSION = YES;
				CLANG_WARN_INT_CONVERSION = YES;
				CLANG_WARN_NON_LITERAL_NULL_CONVERSION = YES;
				CLANG_WARN_OBJC_IMPLICIT_RETAIN_SELF = YES;
				CLANG_WARN_OBJC_LITERAL_CONVERSION = YES;
				CLANG_WARN_OBJC_ROOT_CLASS = YES_ERROR;
				CLANG_WARN_QUOTED_INCLUDE_IN_FRAMEWORK_HEADER = YES;
				CLANG_WARN_RANGE_LOOP_ANALYSIS = YES;
				CLANG_WARN_STRICT_PROTOTYPES = YES;
				CLANG_WARN_SUSPICIOUS_MOVE = YES;
				CLANG_WARN_UNGUARDED_AVAILABILITY = YES_AGGRESSIVE;
				CLANG_WARN_UNREACHABLE_CODE = YES;
				CLANG_WARN__DUPLICATE_METHOD_MATCH = YES;
				COPY_PHASE_STRIP = NO;
				DEBUG_INFORMATION_FORMAT = "dwarf-with-dsym";
				ENABLE_NS_ASSERTIONS = NO;
				ENABLE_STRICT_OBJC_MSGSEND = YES;
				GCC_C_LANGUAGE_STANDARD = gnu11;
				GCC_NO_COMMON_BLOCKS = YES;
				GCC_WARN_64_TO_32_BIT_CONVERSION = YES;
				GCC_WARN_ABOUT_RETURN_TYPE = YES_ERROR;
				GCC_WARN_UNDECLARED_SELECTOR = YES;
				GCC_WARN_UNINITIALIZED_AUTOS = YES_AGGRESSIVE;
				GCC_WARN_UNUSED_FUNCTION = YES;
				GCC_WARN_UNUSED_VARIABLE = YES;
				MACOSX_DEPLOYMENT_TARGET = 13.0;
				MTL_ENABLE_DEBUG_INFO = NO;
				MTL_FAST_MATH = YES;
				SDKROOT = macosx;
				SWIFT_COMPILATION_MODE = wholemodule;
				SWIFT_OPTIMIZATION_LEVEL = "-O";
			};
			name = Release;
		};
		FATARGETDEBUG /* Debug */ = {
			isa = XCBuildConfiguration;
			buildSettings = {
				ASSETCATALOG_COMPILER_APPICON_NAME = AppIcon;
				ASSETCATALOG_COMPILER_GLOBAL_ACCENT_COLOR_NAME = AccentColor;
				CODE_SIGN_ENTITLEMENTS = FastWeatherMac/FastWeatherMac.entitlements;
				CODE_SIGN_STYLE = Automatic;
				COMBINE_HIDPI_IMAGES = YES;
				CURRENT_PROJECT_VERSION = 1;
				DEVELOPMENT_ASSET_PATHS = "\"FastWeatherMac/Preview Content\"";
				ENABLE_PREVIEWS = YES;
				GENERATE_INFOPLIST_FILE = YES;
				INFOPLIST_KEY_CFBundleDisplayName = FastWeather;
				INFOPLIST_KEY_LSApplicationCategoryType = "public.app-category.weather";
				INFOPLIST_KEY_NSHumanReadableCopyright = "Copyright © 2025";
				INFOPLIST_KEY_NSPrincipalClass = NSApplication;
				LD_RUNPATH_SEARCH_PATHS = (
					"$(inherited)",
					"@executable_path/../Frameworks",
				);
				MARKETING_VERSION = 1.0.0;
				PRODUCT_BUNDLE_IDENTIFIER = com.fastweather.mac;
				PRODUCT_NAME = "$(TARGET_NAME)";
				SWIFT_EMIT_LOC_STRINGS = YES;
				SWIFT_VERSION = 5.0;
			};
			name = Debug;
		};
		FATARGETRELEASE /* Release */ = {
			isa = XCBuildConfiguration;
			buildSettings = {
				ASSETCATALOG_COMPILER_APPICON_NAME = AppIcon;
				ASSETCATALOG_COMPILER_GLOBAL_ACCENT_COLOR_NAME = AccentColor;
				CODE_SIGN_ENTITLEMENTS = FastWeatherMac/FastWeatherMac.entitlements;
				CODE_SIGN_STYLE = Automatic;
				COMBINE_HIDPI_IMAGES = YES;
				CURRENT_PROJECT_VERSION = 1;
				DEVELOPMENT_ASSET_PATHS = "\"FastWeatherMac/Preview Content\"";
				ENABLE_PREVIEWS = YES;
				GENERATE_INFOPLIST_FILE = YES;
				INFOPLIST_KEY_CFBundleDisplayName = FastWeather;
				INFOPLIST_KEY_LSApplicationCategoryType = "public.app-category.weather";
				INFOPLIST_KEY_NSHumanReadableCopyright = "Copyright © 2025";
				INFOPLIST_KEY_NSPrincipalClass = NSApplication;
				LD_RUNPATH_SEARCH_PATHS = (
					"$(inherited)",
					"@executable_path/../Frameworks",
				);
				MARKETING_VERSION = 1.0.0;
				PRODUCT_BUNDLE_IDENTIFIER = com.fastweather.mac;
				PRODUCT_NAME = "$(TARGET_NAME)";
				SWIFT_EMIT_LOC_STRINGS = YES;
				SWIFT_VERSION = 5.0;
			};
			name = Release;
		};
/* End XCBuildConfiguration section */

/* Begin XCConfigurationList section */
		FAPROJCONFIG /* Build configuration list for PBXProject "FastWeatherMac" */ = {
			isa = XCConfigurationList;
			buildConfigurations = (
				FADEBUG /* Debug */,
				FARELEASE /* Release */,
			);
			defaultConfigurationIsVisible = 0;
			defaultConfigurationName = Release;
		};
		FACONFIG /* Build configuration list for PBXNativeTarget "FastWeatherMac" */ = {
			isa = XCConfigurationList;
			buildConfigurations = (
				FATARGETDEBUG /* Debug */,
				FATARGETRELEASE /* Release */,
			);
			defaultConfigurationIsVisible = 0;
			defaultConfigurationName = Release;
		};
/* End XCConfigurationList section */
	};
	rootObject = FAPROJECT /* Project object */;
}
