// !$*UTF8*$!
{
	archiveVersion = 1;
	classes = {
	};
	objectVersion = 56;
	objects = {

/* Begin PBXBuildFile section */
		0B20A334AA1FE3314940526C /* DirectionalCityService.swift in Sources */ = {isa = PBXBuildFile; fileRef = 1311D88F8BCB7E6528F708FD /* DirectionalCityService.swift */; };
		1EA38206A8F8117706BC1BE1 /* UserGuideView.swift in Sources */ = {isa = PBXBuildFile; fileRef = 9BE8987965BEC94AF7BD11D7 /* UserGuideView.swift */; };
		21615169040A120F379786F1 /* WeatherHelpers.swift in Sources */ = {isa = PBXBuildFile; fileRef = 3B7B06EFA7D170A6D9BA8847 /* WeatherHelpers.swift */; };
		4A6D0D115A976039A83A189E /* FeatureFlags.swift in Sources */ = {isa = PBXBuildFile; fileRef = 486EDF8DF974A3A8043714DD /* FeatureFlags.swift */; };
		62CB858A1D1017158A62BC44 /* RadarService.swift in Sources */ = {isa = PBXBuildFile; fileRef = 0EED081CD8BA9AD9146E4318 /* RadarService.swift */; };
		6CA5EB93D785DE05210F375A /* DeveloperSettingsView.swift in Sources */ = {isa = PBXBuildFile; fileRef = A5F0E524751DEEAE77391AD2 /* DeveloperSettingsView.swift */; };
		A10000001 /* WeatherFastApp.swift in Sources */ = {isa = PBXBuildFile; fileRef = A10000000 /* WeatherFastApp.swift */; };
		A10000003 /* ContentView.swift in Sources */ = {isa = PBXBuildFile; fileRef = A10000002 /* ContentView.swift */; };
		A10000005 /* City.swift in Sources */ = {isa = PBXBuildFile; fileRef = A10000004 /* City.swift */; };
		A10000007 /* Weather.swift in Sources */ = {isa = PBXBuildFile; fileRef = A10000006 /* Weather.swift */; };
		A10000009 /* Settings.swift in Sources */ = {isa = PBXBuildFile; fileRef = A10000008 /* Settings.swift */; };
		A1000000B /* WeatherService.swift in Sources */ = {isa = PBXBuildFile; fileRef = A1000000A /* WeatherService.swift */; };
		A1000000D /* SettingsManager.swift in Sources */ = {isa = PBXBuildFile; fileRef = A1000000C /* SettingsManager.swift */; };
		A1000000F /* CityDataService.swift in Sources */ = {isa = PBXBuildFile; fileRef = A1000000E /* CityDataService.swift */; };
		A10000011 /* MyCitiesView.swift in Sources */ = {isa = PBXBuildFile; fileRef = A10000010 /* MyCitiesView.swift */; };
		A10000013 /* FlatView.swift in Sources */ = {isa = PBXBuildFile; fileRef = A10000012 /* FlatView.swift */; };
		A10000015 /* TableView.swift in Sources */ = {isa = PBXBuildFile; fileRef = A10000014 /* TableView.swift */; };
		A10000017 /* ListView.swift in Sources */ = {isa = PBXBuildFile; fileRef = A10000016 /* ListView.swift */; };
		A10000019 /* BrowseCitiesView.swift in Sources */ = {isa = PBXBuildFile; fileRef = A10000018 /* BrowseCitiesView.swift */; };
		A1000001B /* StateCitiesView.swift in Sources */ = {isa = PBXBuildFile; fileRef = A1000001A /* StateCitiesView.swift */; };
		A1000001D /* CityDetailView.swift in Sources */ = {isa = PBXBuildFile; fileRef = A1000001C /* CityDetailView.swift */; };
		A1000001F /* SettingsView.swift in Sources */ = {isa = PBXBuildFile; fileRef = A1000001E /* SettingsView.swift */; };
		A10000021 /* us-cities-cached.json in Resources */ = {isa = PBXBuildFile; fileRef = A10000020 /* us-cities-cached.json */; };
		A10000023 /* international-cities-cached.json in Resources */ = {isa = PBXBuildFile; fileRef = A10000022 /* international-cities-cached.json */; };
		A10000025 /* AddCitySearchView.swift in Sources */ = {isa = PBXBuildFile; fileRef = A10000026 /* AddCitySearchView.swift */; };
		A10000028 /* Assets.xcassets in Resources */ = {isa = PBXBuildFile; fileRef = A10000027 /* Assets.xcassets */; };
		A10000029 /* PrivacyInfo.xcprivacy in Resources */ = {isa = PBXBuildFile; fileRef = A1000002A /* PrivacyInfo.xcprivacy */; };
		A1000ALERTB1 /* WeatherAlert.swift in Sources */ = {isa = PBXBuildFile; fileRef = A1000ALERT1 /* WeatherAlert.swift */; };
		A1000ALERTB2 /* AlertDetailView.swift in Sources */ = {isa = PBXBuildFile; fileRef = A1000ALERT2 /* AlertDetailView.swift */; };
		A1000HISTB1 /* HistoricalWeather.swift in Sources */ = {isa = PBXBuildFile; fileRef = A1000HIST1 /* HistoricalWeather.swift */; };
		A1000HISTB2 /* HistoricalWeatherCache.swift in Sources */ = {isa = PBXBuildFile; fileRef = A1000HIST2 /* HistoricalWeatherCache.swift */; };
		A1000HISTB3 /* HistoricalWeatherView.swift in Sources */ = {isa = PBXBuildFile; fileRef = A1000HIST3 /* HistoricalWeatherView.swift */; };
		A1000WARMB1 /* WeatherAroundMeView.swift in Sources */ = {isa = PBXBuildFile; fileRef = A1000WARM1 /* WeatherAroundMeView.swift */; };
		A1000WARMB2 /* RegionalWeatherService.swift in Sources */ = {isa = PBXBuildFile; fileRef = A1000WARM2 /* RegionalWeatherService.swift */; };
		E41FA69A048BFD0F634DB005 /* RadarView.swift in Sources */ = {isa = PBXBuildFile; fileRef = 343FB8C597ECDBB8F82B9D13 /* RadarView.swift */; };
		FCF060427E69A6D68459749C /* LocationService.swift in Sources */ = {isa = PBXBuildFile; fileRef = F83A2A75D10D105C7225AE79 /* LocationService.swift */; };
/* End PBXBuildFile section */

/* Begin PBXFileReference section */
		0EED081CD8BA9AD9146E4318 /* RadarService.swift */ = {isa = PBXFileReference; includeInIndex = 1; lastKnownFileType = sourcecode.swift; path = RadarService.swift; sourceTree = "<group>"; };
		1311D88F8BCB7E6528F708FD /* DirectionalCityService.swift */ = {isa = PBXFileReference; includeInIndex = 1; lastKnownFileType = sourcecode.swift; path = DirectionalCityService.swift; sourceTree = "<group>"; };
		343FB8C597ECDBB8F82B9D13 /* RadarView.swift */ = {isa = PBXFileReference; includeInIndex = 1; lastKnownFileType = sourcecode.swift; path = RadarView.swift; sourceTree = "<group>"; };
		3B7B06EFA7D170A6D9BA8847 /* WeatherHelpers.swift */ = {isa = PBXFileReference; includeInIndex = 1; lastKnownFileType = sourcecode.swift; path = WeatherHelpers.swift; sourceTree = "<group>"; };
		486EDF8DF974A3A8043714DD /* FeatureFlags.swift */ = {isa = PBXFileReference; includeInIndex = 1; lastKnownFileType = sourcecode.swift; path = FeatureFlags.swift; sourceTree = "<group>"; };
		5C214A72B9AB146E98AAFD1B /* DeveloperSettingsView.swift */ = {isa = PBXFileReference; includeInIndex = 1; lastKnownFileType = sourcecode.swift; path = DeveloperSettingsView.swift; sourceTree = "<group>"; };
		95C9B6C3071CC6357870F7A8 /* RadarView.swift */ = {isa = PBXFileReference; includeInIndex = 1; lastKnownFileType = sourcecode.swift; path = RadarView.swift; sourceTree = "<group>"; };
		9BE8987965BEC94AF7BD11D7 /* UserGuideView.swift */ = {isa = PBXFileReference; includeInIndex = 1; lastKnownFileType = sourcecode.swift; path = UserGuideView.swift; sourceTree = "<group>"; };
		9DCDC584E3856802D5BBA5B7 /* RadarService.swift */ = {isa = PBXFileReference; includeInIndex = 1; lastKnownFileType = sourcecode.swift; path = RadarService.swift; sourceTree = "<group>"; };
		A0FFFFFF0 /* FastWeather.app */ = {isa = PBXFileReference; explicitFileType = wrapper.application; includeInIndex = 0; path = FastWeather.app; sourceTree = BUILT_PRODUCTS_DIR; };
		A10000000 /* WeatherFastApp.swift */ = {isa = PBXFileReference; lastKnownFileType = sourcecode.swift; path = WeatherFastApp.swift; sourceTree = "<group>"; };
		A10000002 /* ContentView.swift */ = {isa = PBXFileReference; lastKnownFileType = sourcecode.swift; path = ContentView.swift; sourceTree = "<group>"; };
		A10000004 /* City.swift */ = {isa = PBXFileReference; lastKnownFileType = sourcecode.swift; path = City.swift; sourceTree = "<group>"; };
		A10000006 /* Weather.swift */ = {isa = PBXFileReference; lastKnownFileType = sourcecode.swift; path = Weather.swift; sourceTree = "<group>"; };
		A10000008 /* Settings.swift */ = {isa = PBXFileReference; lastKnownFileType = sourcecode.swift; path = Settings.swift; sourceTree = "<group>"; };
		A1000000A /* WeatherService.swift */ = {isa = PBXFileReference; lastKnownFileType = sourcecode.swift; path = WeatherService.swift; sourceTree = "<group>"; };
		A1000000C /* SettingsManager.swift */ = {isa = PBXFileReference; lastKnownFileType = sourcecode.swift; path = SettingsManager.swift; sourceTree = "<group>"; };
		A1000000E /* CityDataService.swift */ = {isa = PBXFileReference; lastKnownFileType = sourcecode.swift; path = CityDataService.swift; sourceTree = "<group>"; };
		A10000010 /* MyCitiesView.swift */ = {isa = PBXFileReference; lastKnownFileType = sourcecode.swift; path = MyCitiesView.swift; sourceTree = "<group>"; };
		A10000012 /* FlatView.swift */ = {isa = PBXFileReference; lastKnownFileType = sourcecode.swift; path = FlatView.swift; sourceTree = "<group>"; };
		A10000014 /* TableView.swift */ = {isa = PBXFileReference; lastKnownFileType = sourcecode.swift; path = TableView.swift; sourceTree = "<group>"; };
		A10000016 /* ListView.swift */ = {isa = PBXFileReference; lastKnownFileType = sourcecode.swift; path = ListView.swift; sourceTree = "<group>"; };
		A10000018 /* BrowseCitiesView.swift */ = {isa = PBXFileReference; lastKnownFileType = sourcecode.swift; path = BrowseCitiesView.swift; sourceTree = "<group>"; };
		A1000001A /* StateCitiesView.swift */ = {isa = PBXFileReference; lastKnownFileType = sourcecode.swift; path = StateCitiesView.swift; sourceTree = "<group>"; };
		A1000001C /* CityDetailView.swift */ = {isa = PBXFileReference; lastKnownFileType = sourcecode.swift; path = CityDetailView.swift; sourceTree = "<group>"; };
		A1000001E /* SettingsView.swift */ = {isa = PBXFileReference; lastKnownFileType = sourcecode.swift; path = SettingsView.swift; sourceTree = "<group>"; };
		A10000020 /* us-cities-cached.json */ = {isa = PBXFileReference; lastKnownFileType = text.json; path = "us-cities-cached.json"; sourceTree = "<group>"; };
		A10000022 /* international-cities-cached.json */ = {isa = PBXFileReference; lastKnownFileType = text.json; path = "international-cities-cached.json"; sourceTree = "<group>"; };
		A10000024 /* Info.plist */ = {isa = PBXFileReference; lastKnownFileType = text.plist.xml; path = Info.plist; sourceTree = "<group>"; };
		A10000026 /* AddCitySearchView.swift */ = {isa = PBXFileReference; lastKnownFileType = sourcecode.swift; path = AddCitySearchView.swift; sourceTree = "<group>"; };
		A10000027 /* Assets.xcassets */ = {isa = PBXFileReference; lastKnownFileType = folder.assetcatalog; path = Assets.xcassets; sourceTree = "<group>"; };
		A1000002A /* PrivacyInfo.xcprivacy */ = {isa = PBXFileReference; lastKnownFileType = text.plist.xml; path = PrivacyInfo.xcprivacy; sourceTree = "<group>"; };
		A1000ALERT1 /* WeatherAlert.swift */ = {isa = PBXFileReference; lastKnownFileType = sourcecode.swift; path = WeatherAlert.swift; sourceTree = "<group>"; };
		A1000ALERT2 /* AlertDetailView.swift */ = {isa = PBXFileReference; lastKnownFileType = sourcecode.swift; path = AlertDetailView.swift; sourceTree = "<group>"; };
		A1000HIST1 /* HistoricalWeather.swift */ = {isa = PBXFileReference; lastKnownFileType = sourcecode.swift; path = HistoricalWeather.swift; sourceTree = "<group>"; };
		A1000HIST2 /* HistoricalWeatherCache.swift */ = {isa = PBXFileReference; lastKnownFileType = sourcecode.swift; path = HistoricalWeatherCache.swift; sourceTree = "<group>"; };
		A1000HIST3 /* HistoricalWeatherView.swift */ = {isa = PBXFileReference; lastKnownFileType = sourcecode.swift; path = HistoricalWeatherView.swift; sourceTree = "<group>"; };
		A1000WARM1 /* WeatherAroundMeView.swift */ = {isa = PBXFileReference; lastKnownFileType = sourcecode.swift; path = WeatherAroundMeView.swift; sourceTree = "<group>"; };
		A1000WARM2 /* RegionalWeatherService.swift */ = {isa = PBXFileReference; lastKnownFileType = sourcecode.swift; path = RegionalWeatherService.swift; sourceTree = "<group>"; };
		A5F0E524751DEEAE77391AD2 /* DeveloperSettingsView.swift */ = {isa = PBXFileReference; includeInIndex = 1; lastKnownFileType = sourcecode.swift; path = DeveloperSettingsView.swift; sourceTree = "<group>"; };
		B505151E924798A11141FE82 /* FeatureFlags.swift */ = {isa = PBXFileReference; includeInIndex = 1; lastKnownFileType = sourcecode.swift; path = FeatureFlags.swift; sourceTree = "<group>"; };
		F83A2A75D10D105C7225AE79 /* LocationService.swift */ = {isa = PBXFileReference; includeInIndex = 1; lastKnownFileType = sourcecode.swift; path = LocationService.swift; sourceTree = "<group>"; };
/* End PBXFileReference section */

/* Begin PBXFrameworksBuildPhase section */
		A0FFFFFD0 /* Frameworks */ = {
			isa = PBXFrameworksBuildPhase;
			buildActionMask = 2147483647;
			files = (
			);
			runOnlyForDeploymentPostprocessing = 0;
		};
/* End PBXFrameworksBuildPhase section */

/* Begin PBXGroup section */
		A0FFFFFB0 = {
			isa = PBXGroup;
			children = (
				A0FFFFFC0 /* FastWeather */,
				A0FFFFFD1 /* Products */,
			);
			sourceTree = "<group>";
		};
		A0FFFFFC0 /* FastWeather */ = {
			isa = PBXGroup;
			children = (
				A1000002A /* PrivacyInfo.xcprivacy */,
				A10000024 /* Info.plist */,
				A10000000 /* WeatherFastApp.swift */,
				A0FFFFFE0 /* Models */,
				A0FFFFFF1 /* Views */,
				A0FFFFFF2 /* Services */,
				A0FFFFFF3 /* Resources */,
			);
			path = FastWeather;
			sourceTree = "<group>";
		};
		A0FFFFFD1 /* Products */ = {
			isa = PBXGroup;
			children = (
				A0FFFFFF0 /* FastWeather.app */,
			);
			name = Products;
			sourceTree = "<group>";
		};
		A0FFFFFE0 /* Models */ = {
			isa = PBXGroup;
			children = (
				A10000004 /* City.swift */,
				A10000006 /* Weather.swift */,
				A1000ALERT1 /* WeatherAlert.swift */,
				A1000HIST1 /* HistoricalWeather.swift */,
				A10000008 /* Settings.swift */,
			);
			path = Models;
			sourceTree = "<group>";
		};
		A0FFFFFF1 /* Views */ = {
			isa = PBXGroup;
			children = (
				A10000002 /* ContentView.swift */,
				A10000010 /* MyCitiesView.swift */,
				A1000HIST3 /* HistoricalWeatherView.swift */,
				A10000012 /* FlatView.swift */,
				A10000014 /* TableView.swift */,
				A10000016 /* ListView.swift */,
				A1000ALERT2 /* AlertDetailView.swift */,
				A10000018 /* BrowseCitiesView.swift */,
				A1000001A /* StateCitiesView.swift */,
				A1000001C /* CityDetailView.swift */,
				A10000026 /* AddCitySearchView.swift */,
				A1000001E /* SettingsView.swift */,
				343FB8C597ECDBB8F82B9D13 /* RadarView.swift */,
				A5F0E524751DEEAE77391AD2 /* DeveloperSettingsView.swift */,
				95C9B6C3071CC6357870F7A8 /* RadarView.swift */,
				5C214A72B9AB146E98AAFD1B /* DeveloperSettingsView.swift */,
				A1000WARM1 /* WeatherAroundMeView.swift */,
				9BE8987965BEC94AF7BD11D7 /* UserGuideView.swift */,
			);
			path = Views;
			sourceTree = "<group>";
		};
		A0FFFFFF2 /* Services */ = {
			isa = PBXGroup;
			children = (
				A1000000A /* WeatherService.swift */,
				A1000HIST2 /* HistoricalWeatherCache.swift */,
				A1000000C /* SettingsManager.swift */,
				A1000000E /* CityDataService.swift */,
				486EDF8DF974A3A8043714DD /* FeatureFlags.swift */,
				0EED081CD8BA9AD9146E4318 /* RadarService.swift */,
				B505151E924798A11141FE82 /* FeatureFlags.swift */,
				9DCDC584E3856802D5BBA5B7 /* RadarService.swift */,
				A1000WARM2 /* RegionalWeatherService.swift */,
				1311D88F8BCB7E6528F708FD /* DirectionalCityService.swift */,
				F83A2A75D10D105C7225AE79 /* LocationService.swift */,
				3B7B06EFA7D170A6D9BA8847 /* WeatherHelpers.swift */,
			);
			path = Services;
			sourceTree = "<group>";
		};
		A0FFFFFF3 /* Resources */ = {
			isa = PBXGroup;
			children = (
				A10000027 /* Assets.xcassets */,
				A10000020 /* us-cities-cached.json */,
				A10000022 /* international-cities-cached.json */,
			);
			path = Resources;
			sourceTree = "<group>";
		};
/* End PBXGroup section */

/* Begin PBXNativeTarget section */
		A0FFFFFEF /* FastWeather */ = {
			isa = PBXNativeTarget;
			buildConfigurationList = A0FFFFFE1 /* Build configuration list for PBXNativeTarget "FastWeather" */;
			buildPhases = (
				A0FFFFFEC /* Sources */,
				A0FFFFFD0 /* Frameworks */,
				A0FFFFFED /* Resources */,
			);
			buildRules = (
			);
			dependencies = (
			);
			name = FastWeather;
			productName = FastWeather;
			productReference = A0FFFFFF0 /* FastWeather.app */;
			productType = "com.apple.product-type.application";
		};
/* End PBXNativeTarget section */

/* Begin PBXProject section */
		A0FFFFFB1 /* Project object */ = {
			isa = PBXProject;
			attributes = {
				BuildIndependentTargetsInParallel = 1;
				LastSwiftUpdateCheck = 1500;
				LastUpgradeCheck = 2620;
				TargetAttributes = {
					A0FFFFFEF = {
						CreatedOnToolsVersion = 15.0;
						SystemCapabilities = {
							com.apple.WeatherKit = {
								enabled = 1;
							};
						};
					};
				};
			};
			buildConfigurationList = A0FFFFFB4 /* Build configuration list for PBXProject "FastWeather" */;
			compatibilityVersion = "Xcode 14.0";
			developmentRegion = en;
			hasScannedForEncodings = 0;
			knownRegions = (
				en,
				Base,
			);
			mainGroup = A0FFFFFB0;
			productRefGroup = A0FFFFFD1 /* Products */;
			projectDirPath = "";
			projectRoot = "";
			targets = (
				A0FFFFFEF /* FastWeather */,
			);
		};
/* End PBXProject section */

/* Begin PBXResourcesBuildPhase section */
		A0FFFFFED /* Resources */ = {
			isa = PBXResourcesBuildPhase;
			buildActionMask = 2147483647;
			files = (
				A10000028 /* Assets.xcassets in Resources */,
				A10000021 /* us-cities-cached.json in Resources */,
				A10000023 /* international-cities-cached.json in Resources */,
				A10000029 /* PrivacyInfo.xcprivacy in Resources */,
			);
			runOnlyForDeploymentPostprocessing = 0;
		};
/* End PBXResourcesBuildPhase section */

/* Begin PBXSourcesBuildPhase section */
		A0FFFFFEC /* Sources */ = {
			isa = PBXSourcesBuildPhase;
			buildActionMask = 2147483647;
			files = (
				A10000001 /* WeatherFastApp.swift in Sources */,
				A10000003 /* ContentView.swift in Sources */,
				A10000005 /* City.swift in Sources */,
				A1000WARMB1 /* WeatherAroundMeView.swift in Sources */,
				A1000WARMB2 /* RegionalWeatherService.swift in Sources */,
				A10000007 /* Weather.swift in Sources */,
				A10000009 /* Settings.swift in Sources */,
				A1000000B /* WeatherService.swift in Sources */,
				A1000000D /* SettingsManager.swift in Sources */,
				A1000000F /* CityDataService.swift in Sources */,
				A10000011 /* MyCitiesView.swift in Sources */,
				A10000013 /* FlatView.swift in Sources */,
				A10000015 /* TableView.swift in Sources */,
				A10000017 /* ListView.swift in Sources */,
				A10000019 /* BrowseCitiesView.swift in Sources */,
				A1000001B /* StateCitiesView.swift in Sources */,
				A1000001D /* CityDetailView.swift in Sources */,
				A10000025 /* AddCitySearchView.swift in Sources */,
				A1000001F /* SettingsView.swift in Sources */,
				A1000HISTB1 /* HistoricalWeather.swift in Sources */,
				A1000HISTB2 /* HistoricalWeatherCache.swift in Sources */,
				A1000HISTB3 /* HistoricalWeatherView.swift in Sources */,
				A1000ALERTB1 /* WeatherAlert.swift in Sources */,
				A1000ALERTB2 /* AlertDetailView.swift in Sources */,
				4A6D0D115A976039A83A189E /* FeatureFlags.swift in Sources */,
				62CB858A1D1017158A62BC44 /* RadarService.swift in Sources */,
				E41FA69A048BFD0F634DB005 /* RadarView.swift in Sources */,
				6CA5EB93D785DE05210F375A /* DeveloperSettingsView.swift in Sources */,
				1EA38206A8F8117706BC1BE1 /* UserGuideView.swift in Sources */,
				0B20A334AA1FE3314940526C /* DirectionalCityService.swift in Sources */,
				FCF060427E69A6D68459749C /* LocationService.swift in Sources */,
				21615169040A120F379786F1 /* WeatherHelpers.swift in Sources */,
			);
			runOnlyForDeploymentPostprocessing = 0;
		};
/* End PBXSourcesBuildPhase section */

/* Begin XCBuildConfiguration section */
		A0FFFFFE2 /* Debug */ = {
			isa = XCBuildConfiguration;
			buildSettings = {
				ALWAYS_SEARCH_USER_PATHS = NO;
				ASSETCATALOG_COMPILER_APPICON_NAME = AppIcon;
				ASSETCATALOG_COMPILER_GLOBAL_ACCENT_COLOR_NAME = AccentColor;
				CLANG_ANALYZER_NONNULL = YES;
				CLANG_ANALYZER_NUMBER_OBJECT_CONVERSION = YES_AGGRESSIVE;
				CLANG_CXX_LANGUAGE_STANDARD = "gnu++20";
				CLANG_ENABLE_MODULES = YES;
				CLANG_ENABLE_OBJC_ARC = YES;
				CLANG_ENABLE_OBJC_WEAK = YES;
				CLANG_WARN_BLOCK_CAPTURE_AUTORELEASING = YES;
				CLANG_WARN_BOOL_CONVERSION = YES;
				CLANG_WARN_COMMA = YES;
				CLANG_WARN_CONSTANT_CONVERSION = YES;
				CLANG_WARN_DEPRECATED_OBJC_IMPLEMENTATIONS = YES;
				CLANG_WARN_DIRECT_OBJC_ISA_USAGE = YES_ERROR;
				CLANG_WARN_DOCUMENTATION_COMMENTS = YES;
				CLANG_WARN_EMPTY_BODY = YES;
				CLANG_WARN_ENUM_CONVERSION = YES;
				CLANG_WARN_INFINITE_RECURSION = YES;
				CLANG_WARN_INT_CONVERSION = YES;
				CLANG_WARN_NON_LITERAL_NULL_CONVERSION = YES;
				CLANG_WARN_OBJC_IMPLICIT_RETAIN_SELF = YES;
				CLANG_WARN_OBJC_LITERAL_CONVERSION = YES;
				CLANG_WARN_OBJC_ROOT_CLASS = YES_ERROR;
				CLANG_WARN_QUOTED_INCLUDE_IN_FRAMEWORK_HEADER = YES;
				CLANG_WARN_RANGE_LOOP_ANALYSIS = YES;
				CLANG_WARN_STRICT_PROTOTYPES = YES;
				CLANG_WARN_SUSPICIOUS_MOVE = YES;
				CLANG_WARN_UNGUARDED_AVAILABILITY = YES_AGGRESSIVE;
				CLANG_WARN_UNREACHABLE_CODE = YES;
				CLANG_WARN__DUPLICATE_METHOD_MATCH = YES;
				CODE_SIGN_ENTITLEMENTS = FastWeather/FastWeather.entitlements;
				CODE_SIGN_IDENTITY = "Apple Development";
				CODE_SIGN_STYLE = Automatic;
				COPY_PHASE_STRIP = NO;
				CURRENT_PROJECT_VERSION = 9;
				DEBUG_INFORMATION_FORMAT = dwarf;
				ENABLE_APP_SANDBOX = YES;
				ENABLE_OUTGOING_NETWORK_CONNECTIONS = YES;
				ENABLE_STRICT_OBJC_MSGSEND = YES;
				ENABLE_TESTABILITY = YES;
				ENABLE_USER_SELECTED_FILES = readwrite;
				GCC_C_LANGUAGE_STANDARD = gnu11;
				GCC_DYNAMIC_NO_PIC = NO;
				GCC_NO_COMMON_BLOCKS = YES;
				GCC_OPTIMIZATION_LEVEL = 0;
				GCC_PREPROCESSOR_DEFINITIONS = (
					"DEBUG=1",
					"$(inherited)",
				);
				GCC_WARN_64_TO_32_BIT_CONVERSION = YES;
				GCC_WARN_ABOUT_RETURN_TYPE = YES_ERROR;
				GCC_WARN_UNDECLARED_SELECTOR = YES;
				GCC_WARN_UNINITIALIZED_AUTOS = YES_AGGRESSIVE;
				GCC_WARN_UNUSED_FUNCTION = YES;
				GCC_WARN_UNUSED_VARIABLE = YES;
				GENERATE_INFOPLIST_FILE = YES;
				INFOPLIST_FILE = FastWeather/Info.plist;
				INFOPLIST_KEY_CFBundleDisplayName = "Fast Weather";
				INFOPLIST_KEY_LSApplicationCategoryType = "public.app-category.weather";
				INFOPLIST_KEY_UIApplicationSceneManifest_Generation = YES;
				INFOPLIST_KEY_UIApplicationSupportsIndirectInputEvents = YES;
				INFOPLIST_KEY_UILaunchScreen_Generation = YES;
				INFOPLIST_KEY_UISupportedInterfaceOrientations = "UIInterfaceOrientationPortrait UIInterfaceOrientationLandscapeLeft UIInterfaceOrientationLandscapeRight";
				INFOPLIST_KEY_UISupportedInterfaceOrientations_iPad = "UIInterfaceOrientationPortrait UIInterfaceOrientationPortraitUpsideDown UIInterfaceOrientationLandscapeLeft UIInterfaceOrientationLandscapeRight";
				IPHONEOS_DEPLOYMENT_TARGET = 17.0;
				LD_RUNPATH_SEARCH_PATHS = (
					"$(inherited)",
					"@executable_path/Frameworks",
				);
				MARKETING_VERSION = 1.0;
				MTL_ENABLE_DEBUG_INFO = INCLUDE_SOURCE;
				MTL_FAST_MATH = YES;
				ONLY_ACTIVE_ARCH = YES;
				PRODUCT_BUNDLE_IDENTIFIER = com.weatherfast.app;
				PRODUCT_NAME = "$(TARGET_NAME)";
				PROVISIONING_PROFILE_SPECIFIER = "";
				SDKROOT = iphoneos;
				SWIFT_ACTIVE_COMPILATION_CONDITIONS = DEBUG;
				SWIFT_EMIT_LOC_STRINGS = YES;
				SWIFT_OPTIMIZATION_LEVEL = "-Onone";
				SWIFT_VERSION = 5.0;
				TARGETED_DEVICE_FAMILY = "1,2";
			};
			name = Debug;
		};
		A0FFFFFE3 /* Release */ = {
			isa = XCBuildConfiguration;
			buildSettings = {
				ALWAYS_SEARCH_USER_PATHS = NO;
				ASSETCATALOG_COMPILER_APPICON_NAME = AppIcon;
				ASSETCATALOG_COMPILER_GLOBAL_ACCENT_COLOR_NAME = AccentColor;
				CLANG_ANALYZER_NONNULL = YES;
				CLANG_ANALYZER_NUMBER_OBJECT_CONVERSION = YES_AGGRESSIVE;
				CLANG_CXX_LANGUAGE_STANDARD = "gnu++20";
				CLANG_ENABLE_MODULES = YES;
				CLANG_ENABLE_OBJC_ARC = YES;
				CLANG_ENABLE_OBJC_WEAK = YES;
				CLANG_WARN_BLOCK_CAPTURE_AUTORELEASING = YES;
				CLANG_WARN_BOOL_CONVERSION = YES;
				CLANG_WARN_COMMA = YES;
				CLANG_WARN_CONSTANT_CONVERSION = YES;
				CLANG_WARN_DEPRECATED_OBJC_IMPLEMENTATIONS = YES;
				CLANG_WARN_DIRECT_OBJC_ISA_USAGE = YES_ERROR;
				CLANG_WARN_DOCUMENTATION_COMMENTS = YES;
				CLANG_WARN_EMPTY_BODY = YES;
				CLANG_WARN_ENUM_CONVERSION = YES;
				CLANG_WARN_INFINITE_RECURSION = YES;
				CLANG_WARN_INT_CONVERSION = YES;
				CLANG_WARN_NON_LITERAL_NULL_CONVERSION = YES;
				CLANG_WARN_OBJC_IMPLICIT_RETAIN_SELF = YES;
				CLANG_WARN_OBJC_LITERAL_CONVERSION = YES;
				CLANG_WARN_OBJC_ROOT_CLASS = YES_ERROR;
				CLANG_WARN_QUOTED_INCLUDE_IN_FRAMEWORK_HEADER = YES;
				CLANG_WARN_RANGE_LOOP_ANALYSIS = YES;
				CLANG_WARN_STRICT_PROTOTYPES = YES;
				CLANG_WARN_SUSPICIOUS_MOVE = YES;
				CLANG_WARN_UNGUARDED_AVAILABILITY = YES_AGGRESSIVE;
				CLANG_WARN_UNREACHABLE_CODE = YES;
				CLANG_WARN__DUPLICATE_METHOD_MATCH = YES;
				CODE_SIGN_ENTITLEMENTS = FastWeather/FastWeather.entitlements;
				CODE_SIGN_IDENTITY = "Apple Development";
				CODE_SIGN_STYLE = Automatic;
				COPY_PHASE_STRIP = NO;
				CURRENT_PROJECT_VERSION = 9;
				DEBUG_INFORMATION_FORMAT = "dwarf-with-dsym";
				ENABLE_APP_SANDBOX = YES;
				ENABLE_NS_ASSERTIONS = NO;
				ENABLE_OUTGOING_NETWORK_CONNECTIONS = YES;
				ENABLE_STRICT_OBJC_MSGSEND = YES;
				ENABLE_USER_SELECTED_FILES = readwrite;
				GCC_C_LANGUAGE_STANDARD = gnu11;
				GCC_NO_COMMON_BLOCKS = YES;
				GCC_WARN_64_TO_32_BIT_CONVERSION = YES;
				GCC_WARN_ABOUT_RETURN_TYPE = YES_ERROR;
				GCC_WARN_UNDECLARED_SELECTOR = YES;
				GCC_WARN_UNINITIALIZED_AUTOS = YES_AGGRESSIVE;
				GCC_WARN_UNUSED_FUNCTION = YES;
				GCC_WARN_UNUSED_VARIABLE = YES;
				GENERATE_INFOPLIST_FILE = YES;
				INFOPLIST_FILE = FastWeather/Info.plist;
				INFOPLIST_KEY_CFBundleDisplayName = "Fast Weather";
				INFOPLIST_KEY_LSApplicationCategoryType = "public.app-category.weather";
				INFOPLIST_KEY_UIApplicationSceneManifest_Generation = YES;
				INFOPLIST_KEY_UIApplicationSupportsIndirectInputEvents = YES;
				INFOPLIST_KEY_UILaunchScreen_Generation = YES;
				INFOPLIST_KEY_UISupportedInterfaceOrientations = "UIInterfaceOrientationPortrait UIInterfaceOrientationLandscapeLeft UIInterfaceOrientationLandscapeRight";
				INFOPLIST_KEY_UISupportedInterfaceOrientations_iPad = "UIInterfaceOrientationPortrait UIInterfaceOrientationPortraitUpsideDown UIInterfaceOrientationLandscapeLeft UIInterfaceOrientationLandscapeRight";
				IPHONEOS_DEPLOYMENT_TARGET = 17.0;
				LD_RUNPATH_SEARCH_PATHS = (
					"$(inherited)",
					"@executable_path/Frameworks",
				);
				MARKETING_VERSION = 1.0;
				MTL_ENABLE_DEBUG_INFO = NO;
				MTL_FAST_MATH = YES;
				PRODUCT_BUNDLE_IDENTIFIER = com.weatherfast.app;
				PRODUCT_NAME = "$(TARGET_NAME)";
				PROVISIONING_PROFILE_SPECIFIER = "";
				SDKROOT = iphoneos;
				SWIFT_COMPILATION_MODE = wholemodule;
				SWIFT_EMIT_LOC_STRINGS = YES;
				SWIFT_OPTIMIZATION_LEVEL = "-O";
				SWIFT_VERSION = 5.0;
				TARGETED_DEVICE_FAMILY = "1,2";
				VALIDATE_PRODUCT = YES;
			};
			name = Release;
		};
		A0FFFFFE4 /* Debug */ = {
			isa = XCBuildConfiguration;
			buildSettings = {
				ALWAYS_SEARCH_USER_PATHS = NO;
				CLANG_ANALYZER_NONNULL = YES;
				CLANG_ANALYZER_NUMBER_OBJECT_CONVERSION = YES_AGGRESSIVE;
				CLANG_CXX_LANGUAGE_STANDARD = "gnu++20";
				CLANG_ENABLE_MODULES = YES;
				CLANG_ENABLE_OBJC_ARC = YES;
				CLANG_ENABLE_OBJC_WEAK = YES;
				CLANG_WARN_BLOCK_CAPTURE_AUTORELEASING = YES;
				CLANG_WARN_BOOL_CONVERSION = YES;
				CLANG_WARN_COMMA = YES;
				CLANG_WARN_CONSTANT_CONVERSION = YES;
				CLANG_WARN_DEPRECATED_OBJC_IMPLEMENTATIONS = YES;
				CLANG_WARN_DIRECT_OBJC_ISA_USAGE = YES_ERROR;
				CLANG_WARN_DOCUMENTATION_COMMENTS = YES;
				CLANG_WARN_EMPTY_BODY = YES;
				CLANG_WARN_ENUM_CONVERSION = YES;
				CLANG_WARN_INFINITE_RECURSION = YES;
				CLANG_WARN_INT_CONVERSION = YES;
				CLANG_WARN_NON_LITERAL_NULL_CONVERSION = YES;
				CLANG_WARN_OBJC_IMPLICIT_RETAIN_SELF = YES;
				CLANG_WARN_OBJC_LITERAL_CONVERSION = YES;
				CLANG_WARN_OBJC_ROOT_CLASS = YES_ERROR;
				CLANG_WARN_QUOTED_INCLUDE_IN_FRAMEWORK_HEADER = YES;
				CLANG_WARN_RANGE_LOOP_ANALYSIS = YES;
				CLANG_WARN_STRICT_PROTOTYPES = YES;
				CLANG_WARN_SUSPICIOUS_MOVE = YES;
				CLANG_WARN_UNGUARDED_AVAILABILITY = YES_AGGRESSIVE;
				CLANG_WARN_UNREACHABLE_CODE = YES;
				CLANG_WARN__DUPLICATE_METHOD_MATCH = YES;
				COPY_PHASE_STRIP = NO;
				DEBUG_INFORMATION_FORMAT = dwarf;
				DEVELOPMENT_TEAM = P887QF74N8;
				ENABLE_STRICT_OBJC_MSGSEND = YES;
				ENABLE_TESTABILITY = YES;
				ENABLE_USER_SCRIPT_SANDBOXING = YES;
				GCC_C_LANGUAGE_STANDARD = gnu11;
				GCC_DYNAMIC_NO_PIC = NO;
				GCC_NO_COMMON_BLOCKS = YES;
				GCC_OPTIMIZATION_LEVEL = 0;
				GCC_PREPROCESSOR_DEFINITIONS = (
					"DEBUG=1",
					"$(inherited)",
				);
				GCC_WARN_64_TO_32_BIT_CONVERSION = YES;
				GCC_WARN_ABOUT_RETURN_TYPE = YES_ERROR;
				GCC_WARN_UNDECLARED_SELECTOR = YES;
				GCC_WARN_UNINITIALIZED_AUTOS = YES_AGGRESSIVE;
				GCC_WARN_UNUSED_FUNCTION = YES;
				GCC_WARN_UNUSED_VARIABLE = YES;
				MTL_ENABLE_DEBUG_INFO = INCLUDE_SOURCE;
				MTL_FAST_MATH = YES;
				ONLY_ACTIVE_ARCH = YES;
				SDKROOT = iphoneos;
				STRING_CATALOG_GENERATE_SYMBOLS = YES;
				SWIFT_ACTIVE_COMPILATION_CONDITIONS = DEBUG;
				SWIFT_OPTIMIZATION_LEVEL = "-Onone";
			};
			name = Debug;
		};
		A0FFFFFE5 /* Release */ = {
			isa = XCBuildConfiguration;
			buildSettings = {
				ALWAYS_SEARCH_USER_PATHS = NO;
				CLANG_ANALYZER_NONNULL = YES;
				CLANG_ANALYZER_NUMBER_OBJECT_CONVERSION = YES_AGGRESSIVE;
				CLANG_CXX_LANGUAGE_STANDARD = "gnu++20";
				CLANG_ENABLE_MODULES = YES;
				CLANG_ENABLE_OBJC_ARC = YES;
				CLANG_ENABLE_OBJC_WEAK = YES;
				CLANG_WARN_BLOCK_CAPTURE_AUTORELEASING = YES;
				CLANG_WARN_BOOL_CONVERSION = YES;
				CLANG_WARN_COMMA = YES;
				CLANG_WARN_CONSTANT_CONVERSION = YES;
				CLANG_WARN_DEPRECATED_OBJC_IMPLEMENTATIONS = YES;
				CLANG_WARN_DIRECT_OBJC_ISA_USAGE = YES_ERROR;
				CLANG_WARN_DOCUMENTATION_COMMENTS = YES;
				CLANG_WARN_EMPTY_BODY = YES;
				CLANG_WARN_ENUM_CONVERSION = YES;
				CLANG_WARN_INFINITE_RECURSION = YES;
				CLANG_WARN_INT_CONVERSION = YES;
				CLANG_WARN_NON_LITERAL_NULL_CONVERSION = YES;
				CLANG_WARN_OBJC_IMPLICIT_RETAIN_SELF = YES;
				CLANG_WARN_OBJC_LITERAL_CONVERSION = YES;
				CLANG_WARN_OBJC_ROOT_CLASS = YES_ERROR;
				CLANG_WARN_QUOTED_INCLUDE_IN_FRAMEWORK_HEADER = YES;
				CLANG_WARN_RANGE_LOOP_ANALYSIS = YES;
				CLANG_WARN_STRICT_PROTOTYPES = YES;
				CLANG_WARN_SUSPICIOUS_MOVE = YES;
				CLANG_WARN_UNGUARDED_AVAILABILITY = YES_AGGRESSIVE;
				CLANG_WARN_UNREACHABLE_CODE = YES;
				CLANG_WARN__DUPLICATE_METHOD_MATCH = YES;
				COPY_PHASE_STRIP = NO;
				DEBUG_INFORMATION_FORMAT = "dwarf-with-dsym";
				DEVELOPMENT_TEAM = P887QF74N8;
				ENABLE_NS_ASSERTIONS = NO;
				ENABLE_STRICT_OBJC_MSGSEND = YES;
				ENABLE_USER_SCRIPT_SANDBOXING = YES;
				GCC_C_LANGUAGE_STANDARD = gnu11;
				GCC_NO_COMMON_BLOCKS = YES;
				GCC_WARN_64_TO_32_BIT_CONVERSION = YES;
				GCC_WARN_ABOUT_RETURN_TYPE = YES_ERROR;
				GCC_WARN_UNDECLARED_SELECTOR = YES;
				GCC_WARN_UNINITIALIZED_AUTOS = YES_AGGRESSIVE;
				GCC_WARN_UNUSED_FUNCTION = YES;
				GCC_WARN_UNUSED_VARIABLE = YES;
				MTL_ENABLE_DEBUG_INFO = NO;
				MTL_FAST_MATH = YES;
				SDKROOT = iphoneos;
				STRING_CATALOG_GENERATE_SYMBOLS = YES;
				SWIFT_COMPILATION_MODE = wholemodule;
				SWIFT_OPTIMIZATION_LEVEL = "-O";
				VALIDATE_PRODUCT = YES;
			};
			name = Release;
		};
/* End XCBuildConfiguration section */

/* Begin XCConfigurationList section */
		A0FFFFFB4 /* Build configuration list for PBXProject "FastWeather" */ = {
			isa = XCConfigurationList;
			buildConfigurations = (
				A0FFFFFE4 /* Debug */,
				A0FFFFFE5 /* Release */,
			);
			defaultConfigurationIsVisible = 0;
			defaultConfigurationName = Release;
		};
		A0FFFFFE1 /* Build configuration list for PBXNativeTarget "FastWeather" */ = {
			isa = XCConfigurationList;
			buildConfigurations = (
				A0FFFFFE2 /* Debug */,
				A0FFFFFE3 /* Release */,
			);
			defaultConfigurationIsVisible = 0;
			defaultConfigurationName = Release;
		};
/* End XCConfigurationList section */
	};
	rootObject = A0FFFFFB1 /* Project object */;
}
